
Microsoft Visual Studio Solution File, Format Version 12.00
# Visual Studio Version 17
VisualStudioVersion = 17.10.34916.146
MinimumVisualStudioVersion = 10.0.40219.1
Project("{FAE04EC0-301F-11D3-BF4B-00C04F79EFBC}") = "WpfApp1", "WpfApp1\WpfApp1.csproj", "{64E31E75-B8D6-43AD-A0B8-97BCBFC1DADB}"
EndProject
Global
	GlobalSection(SolutionConfigurationPlatforms) = preSolution
		Debug|Any CPU = Debug|Any CPU
		Release|Any CPU = Release|Any CPU
	EndGlobalSection
	GlobalSection(ProjectConfigurationPlatforms) = postSolution
		{64E31E75-B8D6-43AD-A0B8-97BCBFC1DADB}.Debug|Any CPU.ActiveCfg = Debug|Any CPU
		{64E31E75-B8D6-43AD-A0B8-97BCBFC1DADB}.Debug|Any CPU.Build.0 = Debug|Any CPU
		{64E31E75-B8D6-43AD-A0B8-97BCBFC1DADB}.Release|Any CPU.ActiveCfg = Release|Any CPU
		{64E31E75-B8D6-43AD-A0B8-97BCBFC1DADB}.Release|Any CPU.Build.0 = Release|Any CPU
	EndGlobalSection
	GlobalSection(SolutionProperties) = preSolution
		HideSolutionNode = FALSE
	EndGlobalSection
	GlobalSection(ExtensibilityGlobals) = postSolution
		SolutionGuid = {BF66A9F0-D4D4-4421-A5EC-5B56FE5D6724}
	EndGlobalSection
EndGlobal
